
Microsoft Visual Studio Solution File, Format Version 12.00
# Visual Studio 15
VisualStudioVersion = 15.0.28307.329
MinimumVisualStudioVersion = 10.0.40219.1
Project("{FAE04EC0-301F-11D3-BF4B-00C04F79EFBC}") = "CustomerProductPropsClasses", "CustomerProductPropsClasses\CustomerProductPropsClasses.csproj", "{7F448E72-1835-4CDC-AE53-5B5D8D165B3B}"
EndProject
Project("{FAE04EC0-301F-11D3-BF4B-00C04F79EFBC}") = "ToolsCSharp", "..\FrameworkLibrary\ToolsCSharp\ToolsCSharp.csproj", "{7F06622A-845C-4B38-9E3F-521189851BBD}"
EndProject
Project("{FAE04EC0-301F-11D3-BF4B-00C04F79EFBC}") = "CustomerTests", "CustomerTests\CustomerTests.csproj", "{680700C4-9329-4E46-8351-C13F59DDB78D}"
EndProject
Project("{FAE04EC0-301F-11D3-BF4B-00C04F79EFBC}") = "ProductTests", "ProductTests\ProductTests.csproj", "{BE1E7B4C-C090-4026-8F78-76E5D85A89A2}"
EndProject
Project("{FAE04EC0-301F-11D3-BF4B-00C04F79EFBC}") = "CustomerProductDBClasses", "CustomerProductDBClasses\CustomerProductDBClasses.csproj", "{B5FB7556-080D-4FE3-873A-AC9EBF2B64A4}"
EndProject
Project("{FAE04EC0-301F-11D3-BF4B-00C04F79EFBC}") = "CustomerProductClasses", "CustomerProductClasses\CustomerProductClasses.csproj", "{D14184B4-0FC4-4892-8344-DF5275364A34}"
EndProject
Global
	GlobalSection(SolutionConfigurationPlatforms) = preSolution
		Debug|Any CPU = Debug|Any CPU
		Release|Any CPU = Release|Any CPU
	EndGlobalSection
	GlobalSection(ProjectConfigurationPlatforms) = postSolution
		{7F448E72-1835-4CDC-AE53-5B5D8D165B3B}.Debug|Any CPU.ActiveCfg = Debug|Any CPU
		{7F448E72-1835-4CDC-AE53-5B5D8D165B3B}.Debug|Any CPU.Build.0 = Debug|Any CPU
		{7F448E72-1835-4CDC-AE53-5B5D8D165B3B}.Release|Any CPU.ActiveCfg = Release|Any CPU
		{7F448E72-1835-4CDC-AE53-5B5D8D165B3B}.Release|Any CPU.Build.0 = Release|Any CPU
		{7F06622A-845C-4B38-9E3F-521189851BBD}.Debug|Any CPU.ActiveCfg = Debug|Any CPU
		{7F06622A-845C-4B38-9E3F-521189851BBD}.Debug|Any CPU.Build.0 = Debug|Any CPU
		{7F06622A-845C-4B38-9E3F-521189851BBD}.Release|Any CPU.ActiveCfg = Release|Any CPU
		{7F06622A-845C-4B38-9E3F-521189851BBD}.Release|Any CPU.Build.0 = Release|Any CPU
		{680700C4-9329-4E46-8351-C13F59DDB78D}.Debug|Any CPU.ActiveCfg = Debug|Any CPU
		{680700C4-9329-4E46-8351-C13F59DDB78D}.Debug|Any CPU.Build.0 = Debug|Any CPU
		{680700C4-9329-4E46-8351-C13F59DDB78D}.Release|Any CPU.ActiveCfg = Release|Any CPU
		{680700C4-9329-4E46-8351-C13F59DDB78D}.Release|Any CPU.Build.0 = Release|Any CPU
		{BE1E7B4C-C090-4026-8F78-76E5D85A89A2}.Debug|Any CPU.ActiveCfg = Debug|Any CPU
		{BE1E7B4C-C090-4026-8F78-76E5D85A89A2}.Debug|Any CPU.Build.0 = Debug|Any CPU
		{BE1E7B4C-C090-4026-8F78-76E5D85A89A2}.Release|Any CPU.ActiveCfg = Release|Any CPU
		{BE1E7B4C-C090-4026-8F78-76E5D85A89A2}.Release|Any CPU.Build.0 = Release|Any CPU
		{B5FB7556-080D-4FE3-873A-AC9EBF2B64A4}.Debug|Any CPU.ActiveCfg = Debug|Any CPU
		{B5FB7556-080D-4FE3-873A-AC9EBF2B64A4}.Debug|Any CPU.Build.0 = Debug|Any CPU
		{B5FB7556-080D-4FE3-873A-AC9EBF2B64A4}.Release|Any CPU.ActiveCfg = Release|Any CPU
		{B5FB7556-080D-4FE3-873A-AC9EBF2B64A4}.Release|Any CPU.Build.0 = Release|Any CPU
		{D14184B4-0FC4-4892-8344-DF5275364A34}.Debug|Any CPU.ActiveCfg = Debug|Any CPU
		{D14184B4-0FC4-4892-8344-DF5275364A34}.Debug|Any CPU.Build.0 = Debug|Any CPU
		{D14184B4-0FC4-4892-8344-DF5275364A34}.Release|Any CPU.ActiveCfg = Release|Any CPU
		{D14184B4-0FC4-4892-8344-DF5275364A34}.Release|Any CPU.Build.0 = Release|Any CPU
	EndGlobalSection
	GlobalSection(SolutionProperties) = preSolution
		HideSolutionNode = FALSE
	EndGlobalSection
	GlobalSection(ExtensibilityGlobals) = postSolution
		SolutionGuid = {6B5B19EC-F757-4250-94B2-9976CBBCF5E9}
	EndGlobalSection
EndGlobal
